// !$*UTF8*$!
{
	archiveVersion = 1;
	classes = {
	};
	objectVersion = 56;
	objects = {

/* Begin PBXBuildFile section */
		EC1CC29729B250090033C611 /* Double++.swift in Sources */ = {isa = PBXBuildFile; fileRef = EC1CC29629B250090033C611 /* Double++.swift */; };
		EC1CC29929B25BC60033C611 /* Int++.swift in Sources */ = {isa = PBXBuildFile; fileRef = EC1CC29829B25BC60033C611 /* Int++.swift */; };
		EC698BE629B0807700BC192F /* MemoApp.swift in Sources */ = {isa = PBXBuildFile; fileRef = EC698BE529B0807700BC192F /* MemoApp.swift */; };
		EC698BEA29B0807900BC192F /* Assets.xcassets in Resources */ = {isa = PBXBuildFile; fileRef = EC698BE929B0807900BC192F /* Assets.xcassets */; };
		EC698BED29B0807900BC192F /* Preview Assets.xcassets in Resources */ = {isa = PBXBuildFile; fileRef = EC698BEC29B0807900BC192F /* Preview Assets.xcassets */; };
		EC698BF829B0814300BC192F /* RecordingsView.swift in Sources */ = {isa = PBXBuildFile; fileRef = EC698BF729B0814300BC192F /* RecordingsView.swift */; };
		EC698BFA29B0858A00BC192F /* Launch Screen.storyboard in Resources */ = {isa = PBXBuildFile; fileRef = EC698BF929B0858A00BC192F /* Launch Screen.storyboard */; };
		EC698BFD29B086F200BC192F /* RecorderView.swift in Sources */ = {isa = PBXBuildFile; fileRef = EC698BFC29B086F200BC192F /* RecorderView.swift */; };
		EC698BFF29B08D2B00BC192F /* RecorderViewModel.swift in Sources */ = {isa = PBXBuildFile; fileRef = EC698BFE29B08D2B00BC192F /* RecorderViewModel.swift */; };
		EC698C0229B08EEF00BC192F /* View++.swift in Sources */ = {isa = PBXBuildFile; fileRef = EC698C0129B08EEF00BC192F /* View++.swift */; };
		EC698C0529B09ED000BC192F /* RecordingError.swift in Sources */ = {isa = PBXBuildFile; fileRef = EC698C0429B09ED000BC192F /* RecordingError.swift */; };
		EC698C0829B0A67600BC192F /* RecordingState.swift in Sources */ = {isa = PBXBuildFile; fileRef = EC698C0729B0A67600BC192F /* RecordingState.swift */; };
		EC698C0E29B0E79200BC192F /* DSWaveformImageViews in Frameworks */ = {isa = PBXBuildFile; productRef = EC698C0D29B0E79200BC192F /* DSWaveformImageViews */; };
		EC698C1129B0E88100BC192F /* DSWaveformImage in Frameworks */ = {isa = PBXBuildFile; productRef = EC698C1029B0E88100BC192F /* DSWaveformImage */; };
/* End PBXBuildFile section */

/* Begin PBXFileReference section */
		EC1CC29629B250090033C611 /* Double++.swift */ = {isa = PBXFileReference; lastKnownFileType = sourcecode.swift; path = "Double++.swift"; sourceTree = "<group>"; };
		EC1CC29829B25BC60033C611 /* Int++.swift */ = {isa = PBXFileReference; lastKnownFileType = sourcecode.swift; path = "Int++.swift"; sourceTree = "<group>"; };
		EC698BE229B0807700BC192F /* Memo.app */ = {isa = PBXFileReference; explicitFileType = wrapper.application; includeInIndex = 0; path = Memo.app; sourceTree = BUILT_PRODUCTS_DIR; };
		EC698BE529B0807700BC192F /* MemoApp.swift */ = {isa = PBXFileReference; lastKnownFileType = sourcecode.swift; path = MemoApp.swift; sourceTree = "<group>"; };
		EC698BE929B0807900BC192F /* Assets.xcassets */ = {isa = PBXFileReference; lastKnownFileType = folder.assetcatalog; path = Assets.xcassets; sourceTree = "<group>"; };
		EC698BEC29B0807900BC192F /* Preview Assets.xcassets */ = {isa = PBXFileReference; lastKnownFileType = folder.assetcatalog; path = "Preview Assets.xcassets"; sourceTree = "<group>"; };
		EC698BF729B0814300BC192F /* RecordingsView.swift */ = {isa = PBXFileReference; lastKnownFileType = sourcecode.swift; path = RecordingsView.swift; sourceTree = "<group>"; };
		EC698BF929B0858A00BC192F /* Launch Screen.storyboard */ = {isa = PBXFileReference; lastKnownFileType = file.storyboard; path = "Launch Screen.storyboard"; sourceTree = "<group>"; };
		EC698BFC29B086F200BC192F /* RecorderView.swift */ = {isa = PBXFileReference; lastKnownFileType = sourcecode.swift; path = RecorderView.swift; sourceTree = "<group>"; };
		EC698BFE29B08D2B00BC192F /* RecorderViewModel.swift */ = {isa = PBXFileReference; lastKnownFileType = sourcecode.swift; path = RecorderViewModel.swift; sourceTree = "<group>"; };
		EC698C0129B08EEF00BC192F /* View++.swift */ = {isa = PBXFileReference; lastKnownFileType = sourcecode.swift; path = "View++.swift"; sourceTree = "<group>"; };
		EC698C0429B09ED000BC192F /* RecordingError.swift */ = {isa = PBXFileReference; lastKnownFileType = sourcecode.swift; path = RecordingError.swift; sourceTree = "<group>"; };
		EC698C0729B0A67600BC192F /* RecordingState.swift */ = {isa = PBXFileReference; lastKnownFileType = sourcecode.swift; path = RecordingState.swift; sourceTree = "<group>"; };
/* End PBXFileReference section */

/* Begin PBXFrameworksBuildPhase section */
		EC698BDF29B0807700BC192F /* Frameworks */ = {
			isa = PBXFrameworksBuildPhase;
			buildActionMask = 2147483647;
			files = (
				EC698C1129B0E88100BC192F /* DSWaveformImage in Frameworks */,
				EC698C0E29B0E79200BC192F /* DSWaveformImageViews in Frameworks */,
			);
			runOnlyForDeploymentPostprocessing = 0;
		};
/* End PBXFrameworksBuildPhase section */

/* Begin PBXGroup section */
		EC698BD929B0807700BC192F = {
			isa = PBXGroup;
			children = (
				EC698BE429B0807700BC192F /* Memo */,
				EC698BE329B0807700BC192F /* Products */,
				EC698C0F29B0E88100BC192F /* Frameworks */,
			);
			sourceTree = "<group>";
		};
		EC698BE329B0807700BC192F /* Products */ = {
			isa = PBXGroup;
			children = (
				EC698BE229B0807700BC192F /* Memo.app */,
			);
			name = Products;
			sourceTree = "<group>";
		};
		EC698BE429B0807700BC192F /* Memo */ = {
			isa = PBXGroup;
			children = (
				EC698C0629B0A66900BC192F /* Utility */,
				EC698C0329B09EBC00BC192F /* Errors */,
				EC698C0029B08EE600BC192F /* Extensions */,
				EC698BF529B080D300BC192F /* Features */,
				EC698BF429B080C400BC192F /* Resources */,
				EC698BF329B0808A00BC192F /* App */,
				EC698BEB29B0807900BC192F /* Preview Content */,
			);
			path = Memo;
			sourceTree = "<group>";
		};
		EC698BEB29B0807900BC192F /* Preview Content */ = {
			isa = PBXGroup;
			children = (
				EC698BEC29B0807900BC192F /* Preview Assets.xcassets */,
			);
			path = "Preview Content";
			sourceTree = "<group>";
		};
		EC698BF329B0808A00BC192F /* App */ = {
			isa = PBXGroup;
			children = (
				EC698BE529B0807700BC192F /* MemoApp.swift */,
			);
			path = App;
			sourceTree = "<group>";
		};
		EC698BF429B080C400BC192F /* Resources */ = {
			isa = PBXGroup;
			children = (
				EC698BE929B0807900BC192F /* Assets.xcassets */,
				EC698BF929B0858A00BC192F /* Launch Screen.storyboard */,
			);
			path = Resources;
			sourceTree = "<group>";
		};
		EC698BF529B080D300BC192F /* Features */ = {
			isa = PBXGroup;
			children = (
				EC698BFB29B086DC00BC192F /* Recorder */,
				EC698BF629B0812800BC192F /* Recordings */,
			);
			path = Features;
			sourceTree = "<group>";
		};
		EC698BF629B0812800BC192F /* Recordings */ = {
			isa = PBXGroup;
			children = (
				EC698BF729B0814300BC192F /* RecordingsView.swift */,
			);
			path = Recordings;
			sourceTree = "<group>";
		};
		EC698BFB29B086DC00BC192F /* Recorder */ = {
			isa = PBXGroup;
			children = (
				EC698BFC29B086F200BC192F /* RecorderView.swift */,
				EC698BFE29B08D2B00BC192F /* RecorderViewModel.swift */,
			);
			path = Recorder;
			sourceTree = "<group>";
		};
		EC698C0029B08EE600BC192F /* Extensions */ = {
			isa = PBXGroup;
			children = (
				EC698C0129B08EEF00BC192F /* View++.swift */,
				EC1CC29629B250090033C611 /* Double++.swift */,
				EC1CC29829B25BC60033C611 /* Int++.swift */,
			);
			path = Extensions;
			sourceTree = "<group>";
		};
		EC698C0329B09EBC00BC192F /* Errors */ = {
			isa = PBXGroup;
			children = (
				EC698C0429B09ED000BC192F /* RecordingError.swift */,
			);
			path = Errors;
			sourceTree = "<group>";
		};
		EC698C0629B0A66900BC192F /* Utility */ = {
			isa = PBXGroup;
			children = (
				EC698C0729B0A67600BC192F /* RecordingState.swift */,
			);
			path = Utility;
			sourceTree = "<group>";
		};
		EC698C0F29B0E88100BC192F /* Frameworks */ = {
			isa = PBXGroup;
			children = (
			);
			name = Frameworks;
			sourceTree = "<group>";
		};
/* End PBXGroup section */

/* Begin PBXNativeTarget section */
		EC698BE129B0807700BC192F /* Memo */ = {
			isa = PBXNativeTarget;
			buildConfigurationList = EC698BF029B0807900BC192F /* Build configuration list for PBXNativeTarget "Memo" */;
			buildPhases = (
				EC698BDE29B0807700BC192F /* Sources */,
				EC698BDF29B0807700BC192F /* Frameworks */,
				EC698BE029B0807700BC192F /* Resources */,
			);
			buildRules = (
			);
			dependencies = (
			);
			name = Memo;
			packageProductDependencies = (
				EC698C0D29B0E79200BC192F /* DSWaveformImageViews */,
				EC698C1029B0E88100BC192F /* DSWaveformImage */,
			);
			productName = Memo;
			productReference = EC698BE229B0807700BC192F /* Memo.app */;
			productType = "com.apple.product-type.application";
		};
/* End PBXNativeTarget section */

/* Begin PBXProject section */
		EC698BDA29B0807700BC192F /* Project object */ = {
			isa = PBXProject;
			attributes = {
				BuildIndependentTargetsInParallel = 1;
				LastSwiftUpdateCheck = 1420;
				LastUpgradeCheck = 1420;
				TargetAttributes = {
					EC698BE129B0807700BC192F = {
						CreatedOnToolsVersion = 14.2;
					};
				};
			};
			buildConfigurationList = EC698BDD29B0807700BC192F /* Build configuration list for PBXProject "Memo" */;
			compatibilityVersion = "Xcode 14.0";
			developmentRegion = en;
			hasScannedForEncodings = 0;
			knownRegions = (
				en,
				Base,
			);
			mainGroup = EC698BD929B0807700BC192F;
			packageReferences = (
				EC698C0C29B0E79200BC192F /* XCRemoteSwiftPackageReference "DSWaveformImage" */,
			);
			productRefGroup = EC698BE329B0807700BC192F /* Products */;
			projectDirPath = "";
			projectRoot = "";
			targets = (
				EC698BE129B0807700BC192F /* Memo */,
			);
		};
/* End PBXProject section */

/* Begin PBXResourcesBuildPhase section */
		EC698BE029B0807700BC192F /* Resources */ = {
			isa = PBXResourcesBuildPhase;
			buildActionMask = 2147483647;
			files = (
				EC698BFA29B0858A00BC192F /* Launch Screen.storyboard in Resources */,
				EC698BED29B0807900BC192F /* Preview Assets.xcassets in Resources */,
				EC698BEA29B0807900BC192F /* Assets.xcassets in Resources */,
			);
			runOnlyForDeploymentPostprocessing = 0;
		};
/* End PBXResourcesBuildPhase section */

/* Begin PBXSourcesBuildPhase section */
		EC698BDE29B0807700BC192F /* Sources */ = {
			isa = PBXSourcesBuildPhase;
			buildActionMask = 2147483647;
			files = (
				EC698BFD29B086F200BC192F /* RecorderView.swift in Sources */,
				EC1CC29729B250090033C611 /* Double++.swift in Sources */,
				EC698BE629B0807700BC192F /* MemoApp.swift in Sources */,
				EC698C0529B09ED000BC192F /* RecordingError.swift in Sources */,
				EC1CC29929B25BC60033C611 /* Int++.swift in Sources */,
				EC698C0229B08EEF00BC192F /* View++.swift in Sources */,
				EC698BF829B0814300BC192F /* RecordingsView.swift in Sources */,
				EC698C0829B0A67600BC192F /* RecordingState.swift in Sources */,
				EC698BFF29B08D2B00BC192F /* RecorderViewModel.swift in Sources */,
			);
			runOnlyForDeploymentPostprocessing = 0;
		};
/* End PBXSourcesBuildPhase section */

/* Begin XCBuildConfiguration section */
		EC698BEE29B0807900BC192F /* Debug */ = {
			isa = XCBuildConfiguration;
			buildSettings = {
				ALWAYS_SEARCH_USER_PATHS = NO;
				CLANG_ANALYZER_NONNULL = YES;
				CLANG_ANALYZER_NUMBER_OBJECT_CONVERSION = YES_AGGRESSIVE;
				CLANG_CXX_LANGUAGE_STANDARD = "gnu++20";
				CLANG_ENABLE_MODULES = YES;
				CLANG_ENABLE_OBJC_ARC = YES;
				CLANG_ENABLE_OBJC_WEAK = YES;
				CLANG_WARN_BLOCK_CAPTURE_AUTORELEASING = YES;
				CLANG_WARN_BOOL_CONVERSION = YES;
				CLANG_WARN_COMMA = YES;
				CLANG_WARN_CONSTANT_CONVERSION = YES;
				CLANG_WARN_DEPRECATED_OBJC_IMPLEMENTATIONS = YES;
				CLANG_WARN_DIRECT_OBJC_ISA_USAGE = YES_ERROR;
				CLANG_WARN_DOCUMENTATION_COMMENTS = YES;
				CLANG_WARN_EMPTY_BODY = YES;
				CLANG_WARN_ENUM_CONVERSION = YES;
				CLANG_WARN_INFINITE_RECURSION = YES;
				CLANG_WARN_INT_CONVERSION = YES;
				CLANG_WARN_NON_LITERAL_NULL_CONVERSION = YES;
				CLANG_WARN_OBJC_IMPLICIT_RETAIN_SELF = YES;
				CLANG_WARN_OBJC_LITERAL_CONVERSION = YES;
				CLANG_WARN_OBJC_ROOT_CLASS = YES_ERROR;
				CLANG_WARN_QUOTED_INCLUDE_IN_FRAMEWORK_HEADER = YES;
				CLANG_WARN_RANGE_LOOP_ANALYSIS = YES;
				CLANG_WARN_STRICT_PROTOTYPES = YES;
				CLANG_WARN_SUSPICIOUS_MOVE = YES;
				CLANG_WARN_UNGUARDED_AVAILABILITY = YES_AGGRESSIVE;
				CLANG_WARN_UNREACHABLE_CODE = YES;
				CLANG_WARN__DUPLICATE_METHOD_MATCH = YES;
				COPY_PHASE_STRIP = NO;
				DEBUG_INFORMATION_FORMAT = dwarf;
				ENABLE_STRICT_OBJC_MSGSEND = YES;
				ENABLE_TESTABILITY = YES;
				GCC_C_LANGUAGE_STANDARD = gnu11;
				GCC_DYNAMIC_NO_PIC = NO;
				GCC_NO_COMMON_BLOCKS = YES;
				GCC_OPTIMIZATION_LEVEL = 0;
				GCC_PREPROCESSOR_DEFINITIONS = (
					"DEBUG=1",
					"$(inherited)",
				);
				GCC_WARN_64_TO_32_BIT_CONVERSION = YES;
				GCC_WARN_ABOUT_RETURN_TYPE = YES_ERROR;
				GCC_WARN_UNDECLARED_SELECTOR = YES;
				GCC_WARN_UNINITIALIZED_AUTOS = YES_AGGRESSIVE;
				GCC_WARN_UNUSED_FUNCTION = YES;
				GCC_WARN_UNUSED_VARIABLE = YES;
				IPHONEOS_DEPLOYMENT_TARGET = 16.2;
				MTL_ENABLE_DEBUG_INFO = INCLUDE_SOURCE;
				MTL_FAST_MATH = YES;
				ONLY_ACTIVE_ARCH = YES;
				SDKROOT = iphoneos;
				SWIFT_ACTIVE_COMPILATION_CONDITIONS = DEBUG;
				SWIFT_OPTIMIZATION_LEVEL = "-Onone";
			};
			name = Debug;
		};
		EC698BEF29B0807900BC192F /* Release */ = {
			isa = XCBuildConfiguration;
			buildSettings = {
				ALWAYS_SEARCH_USER_PATHS = NO;
				CLANG_ANALYZER_NONNULL = YES;
				CLANG_ANALYZER_NUMBER_OBJECT_CONVERSION = YES_AGGRESSIVE;
				CLANG_CXX_LANGUAGE_STANDARD = "gnu++20";
				CLANG_ENABLE_MODULES = YES;
				CLANG_ENABLE_OBJC_ARC = YES;
				CLANG_ENABLE_OBJC_WEAK = YES;
				CLANG_WARN_BLOCK_CAPTURE_AUTORELEASING = YES;
				CLANG_WARN_BOOL_CONVERSION = YES;
				CLANG_WARN_COMMA = YES;
				CLANG_WARN_CONSTANT_CONVERSION = YES;
				CLANG_WARN_DEPRECATED_OBJC_IMPLEMENTATIONS = YES;
				CLANG_WARN_DIRECT_OBJC_ISA_USAGE = YES_ERROR;
				CLANG_WARN_DOCUMENTATION_COMMENTS = YES;
				CLANG_WARN_EMPTY_BODY = YES;
				CLANG_WARN_ENUM_CONVERSION = YES;
				CLANG_WARN_INFINITE_RECURSION = YES;
				CLANG_WARN_INT_CONVERSION = YES;
				CLANG_WARN_NON_LITERAL_NULL_CONVERSION = YES;
				CLANG_WARN_OBJC_IMPLICIT_RETAIN_SELF = YES;
				CLANG_WARN_OBJC_LITERAL_CONVERSION = YES;
				CLANG_WARN_OBJC_ROOT_CLASS = YES_ERROR;
				CLANG_WARN_QUOTED_INCLUDE_IN_FRAMEWORK_HEADER = YES;
				CLANG_WARN_RANGE_LOOP_ANALYSIS = YES;
				CLANG_WARN_STRICT_PROTOTYPES = YES;
				CLANG_WARN_SUSPICIOUS_MOVE = YES;
				CLANG_WARN_UNGUARDED_AVAILABILITY = YES_AGGRESSIVE;
				CLANG_WARN_UNREACHABLE_CODE = YES;
				CLANG_WARN__DUPLICATE_METHOD_MATCH = YES;
				COPY_PHASE_STRIP = NO;
				DEBUG_INFORMATION_FORMAT = "dwarf-with-dsym";
				ENABLE_NS_ASSERTIONS = NO;
				ENABLE_STRICT_OBJC_MSGSEND = YES;
				GCC_C_LANGUAGE_STANDARD = gnu11;
				GCC_NO_COMMON_BLOCKS = YES;
				GCC_WARN_64_TO_32_BIT_CONVERSION = YES;
				GCC_WARN_ABOUT_RETURN_TYPE = YES_ERROR;
				GCC_WARN_UNDECLARED_SELECTOR = YES;
				GCC_WARN_UNINITIALIZED_AUTOS = YES_AGGRESSIVE;
				GCC_WARN_UNUSED_FUNCTION = YES;
				GCC_WARN_UNUSED_VARIABLE = YES;
				IPHONEOS_DEPLOYMENT_TARGET = 16.2;
				MTL_ENABLE_DEBUG_INFO = NO;
				MTL_FAST_MATH = YES;
				SDKROOT = iphoneos;
				SWIFT_COMPILATION_MODE = wholemodule;
				SWIFT_OPTIMIZATION_LEVEL = "-O";
				VALIDATE_PRODUCT = YES;
			};
			name = Release;
		};
		EC698BF129B0807900BC192F /* Debug */ = {
			isa = XCBuildConfiguration;
			buildSettings = {
				ASSETCATALOG_COMPILER_APPICON_NAME = AppIcon;
				ASSETCATALOG_COMPILER_GLOBAL_ACCENT_COLOR_NAME = AccentColor;
				CODE_SIGN_STYLE = Automatic;
				CURRENT_PROJECT_VERSION = 1;
				DEVELOPMENT_ASSET_PATHS = "\"Memo/Preview Content\"";
				DEVELOPMENT_TEAM = 9TYSSFKV5U;
				ENABLE_PREVIEWS = YES;
				GENERATE_INFOPLIST_FILE = YES;
				INFOPLIST_KEY_NSMicrophoneUsageDescription = "Memo wants the access to microphone to record.";
				INFOPLIST_KEY_UIApplicationSceneManifest_Generation = YES;
				INFOPLIST_KEY_UIApplicationSupportsIndirectInputEvents = YES;
				INFOPLIST_KEY_UILaunchScreen_Generation = YES;
				INFOPLIST_KEY_UILaunchStoryboardName = "Launch Screen.storyboard";
				INFOPLIST_KEY_UISupportedInterfaceOrientations_iPad = "UIInterfaceOrientationPortrait UIInterfaceOrientationPortraitUpsideDown UIInterfaceOrientationLandscapeLeft UIInterfaceOrientationLandscapeRight";
				INFOPLIST_KEY_UISupportedInterfaceOrientations_iPhone = "UIInterfaceOrientationPortrait UIInterfaceOrientationLandscapeLeft UIInterfaceOrientationLandscapeRight";
				IPHONEOS_DEPLOYMENT_TARGET = 16.0;
				LD_RUNPATH_SEARCH_PATHS = (
					"$(inherited)",
					"@executable_path/Frameworks",
				);
				MARKETING_VERSION = 1.0;
				PRODUCT_BUNDLE_IDENTIFIER = com.example.dscyrescotti.Memo;
				PRODUCT_NAME = "$(TARGET_NAME)";
				SWIFT_EMIT_LOC_STRINGS = YES;
				SWIFT_VERSION = 5.0;
				TARGETED_DEVICE_FAMILY = "1,2";
			};
			name = Debug;
		};
		EC698BF229B0807900BC192F /* Release */ = {
			isa = XCBuildConfiguration;
			buildSettings = {
				ASSETCATALOG_COMPILER_APPICON_NAME = AppIcon;
				ASSETCATALOG_COMPILER_GLOBAL_ACCENT_COLOR_NAME = AccentColor;
				CODE_SIGN_STYLE = Automatic;
				CURRENT_PROJECT_VERSION = 1;
				DEVELOPMENT_ASSET_PATHS = "\"Memo/Preview Content\"";
				DEVELOPMENT_TEAM = 9TYSSFKV5U;
				ENABLE_PREVIEWS = YES;
				GENERATE_INFOPLIST_FILE = YES;
				INFOPLIST_KEY_NSMicrophoneUsageDescription = "Memo wants the access to microphone to record.";
				INFOPLIST_KEY_UIApplicationSceneManifest_Generation = YES;
				INFOPLIST_KEY_UIApplicationSupportsIndirectInputEvents = YES;
				INFOPLIST_KEY_UILaunchScreen_Generation = YES;
				INFOPLIST_KEY_UILaunchStoryboardName = "Launch Screen.storyboard";
				INFOPLIST_KEY_UISupportedInterfaceOrientations_iPad = "UIInterfaceOrientationPortrait UIInterfaceOrientationPortraitUpsideDown UIInterfaceOrientationLandscapeLeft UIInterfaceOrientationLandscapeRight";
				INFOPLIST_KEY_UISupportedInterfaceOrientations_iPhone = "UIInterfaceOrientationPortrait UIInterfaceOrientationLandscapeLeft UIInterfaceOrientationLandscapeRight";
				IPHONEOS_DEPLOYMENT_TARGET = 16.0;
				LD_RUNPATH_SEARCH_PATHS = (
					"$(inherited)",
					"@executable_path/Frameworks",
				);
				MARKETING_VERSION = 1.0;
				PRODUCT_BUNDLE_IDENTIFIER = com.example.dscyrescotti.Memo;
				PRODUCT_NAME = "$(TARGET_NAME)";
				SWIFT_EMIT_LOC_STRINGS = YES;
				SWIFT_VERSION = 5.0;
				TARGETED_DEVICE_FAMILY = "1,2";
			};
			name = Release;
		};
/* End XCBuildConfiguration section */

/* Begin XCConfigurationList section */
		EC698BDD29B0807700BC192F /* Build configuration list for PBXProject "Memo" */ = {
			isa = XCConfigurationList;
			buildConfigurations = (
				EC698BEE29B0807900BC192F /* Debug */,
				EC698BEF29B0807900BC192F /* Release */,
			);
			defaultConfigurationIsVisible = 0;
			defaultConfigurationName = Release;
		};
		EC698BF029B0807900BC192F /* Build configuration list for PBXNativeTarget "Memo" */ = {
			isa = XCConfigurationList;
			buildConfigurations = (
				EC698BF129B0807900BC192F /* Debug */,
				EC698BF229B0807900BC192F /* Release */,
			);
			defaultConfigurationIsVisible = 0;
			defaultConfigurationName = Release;
		};
/* End XCConfigurationList section */

/* Begin XCRemoteSwiftPackageReference section */
		EC698C0C29B0E79200BC192F /* XCRemoteSwiftPackageReference "DSWaveformImage" */ = {
			isa = XCRemoteSwiftPackageReference;
			repositoryURL = "https://github.com/dmrschmidt/DSWaveformImage";
			requirement = {
				kind = upToNextMajorVersion;
				minimumVersion = 12.0.0;
			};
		};
/* End XCRemoteSwiftPackageReference section */

/* Begin XCSwiftPackageProductDependency section */
		EC698C0D29B0E79200BC192F /* DSWaveformImageViews */ = {
			isa = XCSwiftPackageProductDependency;
			package = EC698C0C29B0E79200BC192F /* XCRemoteSwiftPackageReference "DSWaveformImage" */;
			productName = DSWaveformImageViews;
		};
		EC698C1029B0E88100BC192F /* DSWaveformImage */ = {
			isa = XCSwiftPackageProductDependency;
			package = EC698C0C29B0E79200BC192F /* XCRemoteSwiftPackageReference "DSWaveformImage" */;
			productName = DSWaveformImage;
		};
/* End XCSwiftPackageProductDependency section */
	};
	rootObject = EC698BDA29B0807700BC192F /* Project object */;
}
